
Microsoft Visual Studio Solution File, Format Version 12.00
# Visual Studio Version 16
VisualStudioVersion = 16.0.30204.135
MinimumVisualStudioVersion = 10.0.40219.1
Project("{9A19103F-16F7-4668-BE54-9A1E7A4F7556}") = "TestAjax", "TestAjax\TestAjax.csproj", "{996663C0-A504-4BA3-9FC8-DA71B5831876}"
EndProject
Global
	GlobalSection(SolutionConfigurationPlatforms) = preSolution
		Debug|Any CPU = Debug|Any CPU
		Release|Any CPU = Release|Any CPU
	EndGlobalSection
	GlobalSection(ProjectConfigurationPlatforms) = postSolution
		{996663C0-A504-4BA3-9FC8-DA71B5831876}.Debug|Any CPU.ActiveCfg = Debug|Any CPU
		{996663C0-A504-4BA3-9FC8-DA71B5831876}.Debug|Any CPU.Build.0 = Debug|Any CPU
		{996663C0-A504-4BA3-9FC8-DA71B5831876}.Release|Any CPU.ActiveCfg = Release|Any CPU
		{996663C0-A504-4BA3-9FC8-DA71B5831876}.Release|Any CPU.Build.0 = Release|Any CPU
	EndGlobalSection
	GlobalSection(SolutionProperties) = preSolution
		HideSolutionNode = FALSE
	EndGlobalSection
	GlobalSection(ExtensibilityGlobals) = postSolution
		SolutionGuid = {C2CC429C-06A5-42FC-9F33-5C60F20D6CBB}
	EndGlobalSection
EndGlobal
